
Microsoft Visual Studio Solution File, Format Version 12.00
# Visual Studio 15
VisualStudioVersion = 15.0.28307.421
MinimumVisualStudioVersion = 10.0.40219.1
Project("{9A19103F-16F7-4668-BE54-9A1E7A4F7556}") = "SalaVirtual.Api", "sala-virtual-presenca-automatica-api\SalaVirtual.Api.csproj", "{FAE23F31-8F98-49AA-99B6-6253BD815F07}"
EndProject
Project("{9A19103F-16F7-4668-BE54-9A1E7A4F7556}") = "SalaVirtual.Repositories", "SalaVirtual.Repositories\SalaVirtual.Repositories.csproj", "{216BBE6E-509A-462B-B889-971B5F24F788}"
EndProject
Project("{9A19103F-16F7-4668-BE54-9A1E7A4F7556}") = "SalaVItual.Services", "SalaVItual.Services\SalaVItual.Services.csproj", "{9BAB11BC-AA89-48E8-AF77-D4E06A24ADBC}"
EndProject
Project("{FAE04EC0-301F-11D3-BF4B-00C04F79EFBC}") = "SalaVirtual.Util", "SalaVirtual.Util\SalaVirtual.Util.csproj", "{8766BD68-93F6-4ED1-AABE-0D19379138F5}"
EndProject
Global
	GlobalSection(SolutionConfigurationPlatforms) = preSolution
		Debug|Any CPU = Debug|Any CPU
		Release|Any CPU = Release|Any CPU
	EndGlobalSection
	GlobalSection(ProjectConfigurationPlatforms) = postSolution
		{FAE23F31-8F98-49AA-99B6-6253BD815F07}.Debug|Any CPU.ActiveCfg = Debug|Any CPU
		{FAE23F31-8F98-49AA-99B6-6253BD815F07}.Debug|Any CPU.Build.0 = Debug|Any CPU
		{FAE23F31-8F98-49AA-99B6-6253BD815F07}.Release|Any CPU.ActiveCfg = Release|Any CPU
		{FAE23F31-8F98-49AA-99B6-6253BD815F07}.Release|Any CPU.Build.0 = Release|Any CPU
		{216BBE6E-509A-462B-B889-971B5F24F788}.Debug|Any CPU.ActiveCfg = Debug|Any CPU
		{216BBE6E-509A-462B-B889-971B5F24F788}.Debug|Any CPU.Build.0 = Debug|Any CPU
		{216BBE6E-509A-462B-B889-971B5F24F788}.Release|Any CPU.ActiveCfg = Release|Any CPU
		{216BBE6E-509A-462B-B889-971B5F24F788}.Release|Any CPU.Build.0 = Release|Any CPU
		{9BAB11BC-AA89-48E8-AF77-D4E06A24ADBC}.Debug|Any CPU.ActiveCfg = Debug|Any CPU
		{9BAB11BC-AA89-48E8-AF77-D4E06A24ADBC}.Debug|Any CPU.Build.0 = Debug|Any CPU
		{9BAB11BC-AA89-48E8-AF77-D4E06A24ADBC}.Release|Any CPU.ActiveCfg = Release|Any CPU
		{9BAB11BC-AA89-48E8-AF77-D4E06A24ADBC}.Release|Any CPU.Build.0 = Release|Any CPU
		{8766BD68-93F6-4ED1-AABE-0D19379138F5}.Debug|Any CPU.ActiveCfg = Debug|Any CPU
		{8766BD68-93F6-4ED1-AABE-0D19379138F5}.Debug|Any CPU.Build.0 = Debug|Any CPU
		{8766BD68-93F6-4ED1-AABE-0D19379138F5}.Release|Any CPU.ActiveCfg = Release|Any CPU
		{8766BD68-93F6-4ED1-AABE-0D19379138F5}.Release|Any CPU.Build.0 = Release|Any CPU
	EndGlobalSection
	GlobalSection(SolutionProperties) = preSolution
		HideSolutionNode = FALSE
	EndGlobalSection
	GlobalSection(ExtensibilityGlobals) = postSolution
		SolutionGuid = {68C832BE-A589-4386-AD9A-098B7F0D7CF6}
	EndGlobalSection
EndGlobal
